{
  "version": 4,
  "terraform_version": "1.5.7",
  "serial": 1,
  "lineage": "e7de632f-15dd-775b-689f-b2ca75022b76",
  "outputs": {},
  "resources": [
    {
      "mode": "managed",
      "type": "google_container_cluster",
      "name": "primary",
      "provider": "provider[\"registry.terraform.io/hashicorp/google\"]",
      "instances": [
        {
          "schema_version": 1,
          "attributes": {
            "addons_config": [
              {
                "cloudrun_config": [],
                "config_connector_config": [],
                "dns_cache_config": [],
                "gce_persistent_disk_csi_driver_config": [
                  {
                    "enabled": true
                  }
                ],
                "gcp_filestore_csi_driver_config": [],
                "gcs_fuse_csi_driver_config": [],
                "gke_backup_agent_config": [],
                "horizontal_pod_autoscaling": [],
                "http_load_balancing": [],
                "network_policy_config": [
                  {
                    "disabled": true
                  }
                ]
              }
            ],
            "allow_net_admin": null,
            "authenticator_groups_config": [],
            "binary_authorization": [
              {
                "enabled": false,
                "evaluation_mode": ""
              }
            ],
            "cluster_autoscaling": [
              {
                "auto_provisioning_defaults": [],
                "enabled": false,
                "resource_limits": []
              }
            ],
            "cluster_ipv4_cidr": "10.0.0.0/14",
            "confidential_nodes": [],
            "cost_management_config": [],
            "database_encryption": [
              {
                "key_name": "",
                "state": "DECRYPTED"
              }
            ],
            "datapath_provider": "",
            "default_max_pods_per_node": null,
            "default_snat_status": [
              {
                "disabled": false
              }
            ],
            "description": "",
            "dns_config": [],
            "enable_autopilot": false,
            "enable_binary_authorization": false,
            "enable_intranode_visibility": false,
            "enable_k8s_beta_apis": [],
            "enable_kubernetes_alpha": false,
            "enable_l4_ilb_subsetting": false,
            "enable_legacy_abac": false,
            "enable_shielded_nodes": true,
            "enable_tpu": false,
            "endpoint": "34.29.89.94",
            "gateway_api_config": [],
            "id": "projects/projet-infrastructure-cloud/locations/us-central1-a/clusters/mon-cluster-gke",
            "initial_node_count": 3,
            "ip_allocation_policy": [],
            "label_fingerprint": "a9dc16a7",
            "location": "us-central1-a",
            "logging_config": [
              {
                "enable_components": [
                  "SYSTEM_COMPONENTS",
                  "WORKLOADS"
                ]
              }
            ],
            "logging_service": "logging.googleapis.com/kubernetes",
            "maintenance_policy": [],
            "master_auth": [
              {
                "client_certificate": "",
                "client_certificate_config": [
                  {
                    "issue_client_certificate": false
                  }
                ],
                "client_key": "",
                "cluster_ca_certificate": "LS0tLS1CRUdJTiBDRVJUSUZJQ0FURS0tLS0tCk1JSUVMVENDQXBXZ0F3SUJBZ0lSQVBhY1ZuZWl3NFB1a1hDVGc1VlB2YXN3RFFZSktvWklodmNOQVFFTEJRQXcKTHpFdE1Dc0dBMVVFQXhNa05qVmhZamczWkRFdE1XWmlNUzAwWXpNeUxUbGhaakl0TldSbFkyWmlNbUpsT0RNMgpNQ0FYRFRJME1URXdOekUwTWpNeU5sb1lEekl3TlRReE1ETXhNVFV5TXpJMldqQXZNUzB3S3dZRFZRUURFeVEyCk5XRmlPRGRrTVMweFptSXhMVFJqTXpJdE9XRm1NaTAxWkdWalptSXlZbVU0TXpZd2dnR2lNQTBHQ1NxR1NJYjMKRFFFQkFRVUFBNElCandBd2dnR0tBb0lCZ1FDbktJdFp3MW9MN20yUll3K3dFUVp2WDNUVWRza0EyU3pZY29qeQpjRGhYNmxubXJGYzVOblIrRW9LNS9GaThwTnFUNURqZFlNN1FTd2NaZEFGTVNBRjJXeHdNandodGczZTV5WWRyCmNUZkZMSTluS3NNbHhPVTBYb01Td1RTRzlFZ2pjTWs0UnlKUzZscHpJdWZQWGRaRytvMHR1eFFMR0g3WWg2NXEKOUtRWGtJamNBOTMrcDdHVlorNjFTdUl0ZnBYM2JjZERCZzZqdithcWdmY0J0MkRtcU93V3J6YjRtQnpackJuOApldVZ1aHFGTnBNd3dRWkQvaWpLTjFBclNxT2Z2TC94Q01UTG1oenJNS0hDazRkcFVCSDRHYm5EeEdkQUZ5WTBTCkxWMkZjK1pmaGtvSjU4WVFkdThaMHQxRUQ1MXIwdVkzU01lUDk0bUEyWlF3T0p1TGlsMlIrUk1mSjhsSXJ3UW8KSHFTQ3MyWmhCT3I1NGlIUWtxWXlaMWh3M0lZRXNYYXJqTllQTTUrREhDdU5Nc0NtSVBPODJyNTZaZjVkTjdSNwpvdzhkM0U3aTRrR2RhYjZkMFpicHFnWDZUbUsxUmZxZWJkUDRwRWI0VG1tUjRDT2MzQmpENXI3cnhTOWM0anBpCm80cFpqQWZIb3ZsNGRMbDNwNTZDVTdRSyszTUNBd0VBQWFOQ01FQXdEZ1lEVlIwUEFRSC9CQVFEQWdJRU1BOEcKQTFVZEV3RUIvd1FGTUFNQkFmOHdIUVlEVlIwT0JCWUVGQThqVy93ZnZqbHRNTzVNaE9wcnFmRHV2NkRpTUEwRwpDU3FHU0liM0RRRUJDd1VBQTRJQmdRQTNWVVVXbW0vaWxpbEgzUmdIdExiWHA0ZDc3MzZlbTdxbC9QbFp0enFWClZtK2IzMnd4Z0VudSs4ajJwd29KS0hPc3FoZjFIdFlMU2xXV1pMUGxmc3BVV3ptMmo4dDJLYmxOdXVKTzJFNGoKWldGZnBVd25mTkVsZHU4c3hTK2U5SGhVa1gzUGdaK20vQzRlTndTZ3BmWnFPdnRuOXVZYytHRk1DMktWNVFYVApJajNCTm1MOEU3TEJFaThLVllvN3hNbjV1M3Y1ZVNEazlBNnB6cG8rTEk2ZDVscUpMazJFK09FM2wra01OQ0I0CkJrRU5IWnlwOHhWOXZmdDJaWWxZczBrTldIVHBjamEwQXZjY2pmR2pmek1xb2lrT254ZlE1WnJxTGhjZkFXb3AKdGc5WFJWSDdEcm5TUGx5MUFnc2RScDZ4c1VDMXdQb2hOekNDaUpoc0x6Z005VlZlRmgxR1kxTmRWMTF2NXczQgpFS3NIUjNpSEdWZXh6MWtQRjJvUDZ0SjR1ckRSSjh6dTlab3AzTGJPTXZJRU11SnR4VnNzcTYybkVLaUJBREVMCkJmd3FwdjBtSkpPemNmNGJZY1FNQ2NKYXkwdlo4Uk9uZUNHYU45YkczaFBWLzhEL1I3cWtaWGdtUjl2ME9LN3AKNkh4VHMyM3c5cjRNeEVka2xtdTRvd1E9Ci0tLS0tRU5EIENFUlRJRklDQVRFLS0tLS0K"
              }
            ],
            "master_authorized_networks_config": [],
            "master_version": "1.30.5-gke.1355000",
            "mesh_certificates": [],
            "min_master_version": null,
            "monitoring_config": [
              {
                "advanced_datapath_observability_config": [
                  {
                    "enable_metrics": false,
                    "relay_mode": ""
                  }
                ],
                "enable_components": [],
                "managed_prometheus": [
                  {
                    "enabled": true
                  }
                ]
              }
            ],
            "monitoring_service": "none",
            "name": "mon-cluster-gke",
            "network": "projects/projet-infrastructure-cloud/global/networks/default",
            "network_policy": [
              {
                "enabled": false,
                "provider": "PROVIDER_UNSPECIFIED"
              }
            ],
            "networking_mode": "ROUTES",
            "node_config": [
              {
                "advanced_machine_features": [],
                "boot_disk_kms_key": "",
                "confidential_nodes": [],
                "disk_size_gb": 100,
                "disk_type": "pd-balanced",
                "ephemeral_storage_local_ssd_config": [],
                "fast_socket": [],
                "gcfs_config": [],
                "guest_accelerator": [],
                "gvnic": [],
                "host_maintenance_policy": [],
                "image_type": "COS_CONTAINERD",
                "kubelet_config": [],
                "labels": {},
                "linux_node_config": [],
                "local_nvme_ssd_block_config": [],
                "local_ssd_count": 0,
                "logging_variant": "DEFAULT",
                "machine_type": "e2-micro",
                "metadata": {
                  "disable-legacy-endpoints": "true"
                },
                "min_cpu_platform": "",
                "node_group": "",
                "oauth_scopes": [
                  "https://www.googleapis.com/auth/devstorage.read_only",
                  "https://www.googleapis.com/auth/logging.write",
                  "https://www.googleapis.com/auth/monitoring",
                  "https://www.googleapis.com/auth/service.management.readonly",
                  "https://www.googleapis.com/auth/servicecontrol",
                  "https://www.googleapis.com/auth/trace.append"
                ],
                "preemptible": false,
                "reservation_affinity": [],
                "resource_labels": null,
                "service_account": "default",
                "shielded_instance_config": [
                  {
                    "enable_integrity_monitoring": true,
                    "enable_secure_boot": false
                  }
                ],
                "sole_tenant_config": [],
                "spot": false,
                "tags": null,
                "taint": [],
                "workload_metadata_config": []
              }
            ],
            "node_locations": [],
            "node_pool": [
              {
                "autoscaling": [],
                "initial_node_count": 3,
                "instance_group_urls": [
                  "https://www.googleapis.com/compute/v1/projects/projet-infrastructure-cloud/zones/us-central1-a/instanceGroupManagers/gke-mon-cluster-gke-default-pool-d2e799a1-grp"
                ],
                "managed_instance_group_urls": [
                  "https://www.googleapis.com/compute/v1/projects/projet-infrastructure-cloud/zones/us-central1-a/instanceGroups/gke-mon-cluster-gke-default-pool-d2e799a1-grp"
                ],
                "management": [
                  {
                    "auto_repair": true,
                    "auto_upgrade": true
                  }
                ],
                "max_pods_per_node": 0,
                "name": "default-pool",
                "name_prefix": "",
                "network_config": [],
                "node_config": [
                  {
                    "advanced_machine_features": [],
                    "boot_disk_kms_key": "",
                    "confidential_nodes": [],
                    "disk_size_gb": 100,
                    "disk_type": "pd-balanced",
                    "ephemeral_storage_local_ssd_config": [],
                    "fast_socket": [],
                    "gcfs_config": [],
                    "guest_accelerator": [],
                    "gvnic": [],
                    "host_maintenance_policy": [],
                    "image_type": "COS_CONTAINERD",
                    "kubelet_config": [],
                    "labels": {},
                    "linux_node_config": [],
                    "local_nvme_ssd_block_config": [],
                    "local_ssd_count": 0,
                    "logging_variant": "DEFAULT",
                    "machine_type": "e2-micro",
                    "metadata": {
                      "disable-legacy-endpoints": "true"
                    },
                    "min_cpu_platform": "",
                    "node_group": "",
                    "oauth_scopes": [
                      "https://www.googleapis.com/auth/devstorage.read_only",
                      "https://www.googleapis.com/auth/logging.write",
                      "https://www.googleapis.com/auth/monitoring",
                      "https://www.googleapis.com/auth/service.management.readonly",
                      "https://www.googleapis.com/auth/servicecontrol",
                      "https://www.googleapis.com/auth/trace.append"
                    ],
                    "preemptible": false,
                    "reservation_affinity": [],
                    "resource_labels": {},
                    "service_account": "default",
                    "shielded_instance_config": [
                      {
                        "enable_integrity_monitoring": true,
                        "enable_secure_boot": false
                      }
                    ],
                    "sole_tenant_config": [],
                    "spot": false,
                    "tags": [],
                    "taint": [],
                    "workload_metadata_config": []
                  }
                ],
                "node_count": 3,
                "node_locations": [
                  "us-central1-a"
                ],
                "placement_policy": [],
                "upgrade_settings": [
                  {
                    "blue_green_settings": [],
                    "max_surge": 1,
                    "max_unavailable": 0,
                    "strategy": "SURGE"
                  }
                ],
                "version": "1.30.5-gke.1355000"
              }
            ],
            "node_pool_auto_config": [],
            "node_pool_defaults": [
              {
                "node_config_defaults": [
                  {
                    "logging_variant": "DEFAULT"
                  }
                ]
              }
            ],
            "node_version": "1.30.5-gke.1355000",
            "notification_config": [
              {
                "pubsub": [
                  {
                    "enabled": false,
                    "filter": [],
                    "topic": ""
                  }
                ]
              }
            ],
            "operation": null,
            "private_cluster_config": [
              {
                "enable_private_endpoint": false,
                "enable_private_nodes": false,
                "master_global_access_config": [
                  {
                    "enabled": false
                  }
                ],
                "master_ipv4_cidr_block": "",
                "peering_name": "",
                "private_endpoint": "10.128.0.9",
                "private_endpoint_subnetwork": "",
                "public_endpoint": "34.29.89.94"
              }
            ],
            "private_ipv6_google_access": "",
            "project": "projet-infrastructure-cloud",
            "release_channel": [
              {
                "channel": "REGULAR"
              }
            ],
            "remove_default_node_pool": null,
            "resource_labels": null,
            "resource_usage_export_config": [],
            "security_posture_config": [
              {
                "mode": "BASIC",
                "vulnerability_mode": "VULNERABILITY_MODE_UNSPECIFIED"
              }
            ],
            "self_link": "https://container.googleapis.com/v1/projects/projet-infrastructure-cloud/zones/us-central1-a/clusters/mon-cluster-gke",
            "service_external_ips_config": [
              {
                "enabled": false
              }
            ],
            "services_ipv4_cidr": "10.3.240.0/20",
            "subnetwork": "projects/projet-infrastructure-cloud/regions/us-central1/subnetworks/default",
            "timeouts": null,
            "tpu_ipv4_cidr_block": "",
            "vertical_pod_autoscaling": [],
            "workload_identity_config": []
          },
          "sensitive_attributes": [],
          "private": "eyJlMmJmYjczMC1lY2FhLTExZTYtOGY4OC0zNDM2M2JjN2M0YzAiOnsiY3JlYXRlIjoyNDAwMDAwMDAwMDAwLCJkZWxldGUiOjI0MDAwMDAwMDAwMDAsInJlYWQiOjI0MDAwMDAwMDAwMDAsInVwZGF0ZSI6MzYwMDAwMDAwMDAwMH0sInNjaGVtYV92ZXJzaW9uIjoiMSJ9"
        }
      ]
    }
  ],
  "check_results": null
}
